# This file is generated by running "yarn install" inside your project.
# Manual changes might be lost - proceed with caution!

__metadata:
  version: 8
  cacheKey: 10c0

"@adraffy/ens-normalize@npm:^1.11.0":
  version: 1.11.1
  resolution: "@adraffy/ens-normalize@npm:1.11.1"
  checksum: 10c0/6c2d657d4b2dfb37f8ea811dcb3e60843d4ac24a7b0e8ae89c0c8a82fc8f1dcbb9d5a4e8c12e75c7f5a4a1d5e0c0c1c0c0c0c0c0c0c0c0c0c0c0c0c0c0c0c0c0c0c0c0c0c0c0c0c0c0
  languageName: node
  linkType: hard

"@hapi/bourne@npm:^3.0.0":
  version: 3.0.0
  resolution: "@hapi/bourne@npm:3.0.0"
  checksum: 10c0/f11fdf7dda62fe8e336fa7c6642d9041f30356d7e3c8a0c0c8c0c8c0c8c0c8c0c8c0c8c0c8c0c8c0c8c0c8c0c8c0c8c0c8c0c8c0c8c0c8c0c8c0c8c0c8c0c8c0c8c0c8c0c8c0c8c0c8c0c8c0c8c0c8c0c8c0
  languageName: node
  linkType: hard

"@koa/cors@npm:^4.0.0":
  version: 4.0.0
  resolution: "@koa/cors@npm:4.0.0"
  dependencies:
    vary: "npm:^1.1.2"
  checksum: 10c0/b2d300d7368d2e0ad6faa1d918eff6d0cde0859a8c0c8c0c8c0c8c0c8c0c8c0c8c0c8c0c8c0c8c0c8c0c8c0c8c0c8c0c8c0c8c0c8c0c8c0c8c0c8c0c8c0c8c0c8c0c8c0c8c0c8c0c8c0c8c0c8c0c8c0c8c0c8c0c8c0
  languageName: node
  linkType: hard

"@koa/router@npm:^12.0.1":
  version: 12.0.2
  resolution: "@koa/router@npm:12.0.2"
  dependencies:
    debug: "npm:^4.3.4"
    http-errors: "npm:^2.0.0"
    koa-compose: "npm:^4.1.0"
    methods: "npm:^1.1.2"
    path-to-regexp: "npm:^6.3.0"
  checksum: 10c0/286d51959ed611255faa944818a112e35567835a8c0c8c0c8c0c8c0c8c0c8c0c8c0c8c0c8c0c8c0c8c0c8c0c8c0c8c0c8c0c8c0c8c0c8c0c8c0c8c0c8c0c8c0c8c0c8c0c8c0c8c0c8c0c8c0c8c0c8c0c8c0c8c0c8c0
  languageName: node
  linkType: hard

jsonwebtoken@npm:^9.0.2:
  version: 9.0.2
  resolution: "jsonwebtoken@npm:9.0.2"
  dependencies:
    jws: "npm:^3.2.2"
    lodash.includes: "npm:^4.3.0"
    lodash.isboolean: "npm:^3.0.3"
    lodash.isinteger: "npm:^4.0.4"
    lodash.isnumber: "npm:^3.0.3"
    lodash.isplainobject: "npm:^4.0.6"
    lodash.isstring: "npm:^4.0.1"
    lodash.once: "npm:^4.0.0"
    ms: "npm:^2.1.1"
    semver: "npm:^7.5.4"
  checksum: 10c0/65ff91f4abef1784697d40952bb1998c504caaf3a8c0c8c0c8c0c8c0c8c0c8c0c8c0c8c0c8c0c8c0c8c0c8c0c8c0c8c0c8c0c8c0c8c0c8c0c8c0c8c0c8c0c8c0c8c0c8c0c8c0c8c0c8c0c8c0c8c0c8c0c8c0c8c0c8c0
  languageName: node
  linkType: hard

koa-bodyparser@npm:^4.4.1:
  version: 4.4.1
  resolution: "koa-bodyparser@npm:4.4.1"
  dependencies:
    co-body: "npm:^6.0.0"
    copy-to: "npm:^2.0.1"
    type-is: "npm:^1.6.18"
  checksum: 10c0/3efc8d8e142cc57d9eece478e932bf00dce30298c0c8c0c8c0c8c0c8c0c8c0c8c0c8c0c8c0c8c0c8c0c8c0c8c0c8c0c8c0c8c0c8c0c8c0c8c0c8c0c8c0c8c0c8c0c8c0c8c0c8c0c8c0c8c0c8c0c8c0c8c0c8c0c8c0
  languageName: node
  linkType: hard

koa@npm:^2.14.2:
  version: 2.16.2
  resolution: "koa@npm:2.16.2"
  dependencies:
    accepts: "npm:^1.3.5"
    cache-content-type: "npm:^1.0.0"
    content-disposition: "npm:~0.5.2"
    content-type: "npm:^1.0.4"
    cookies: "npm:~0.9.0"
    debug: "npm:^4.3.2"
    delegates: "npm:^1.0.0"
    depd: "npm:^2.0.0"
    destroy: "npm:^1.0.4"
    encodeurl: "npm:^1.0.2"
    escape-html: "npm:^1.0.3"
    fresh: "npm:~0.5.2"
    http-assert: "npm:^1.3.0"
    http-errors: "npm:^1.6.3"
    is-generator-function: "npm:^1.0.7"
    koa-compose: "npm:^4.1.0"
    koa-convert: "npm:^2.0.0"
    on-finished: "npm:^2.3.0"
    only: "npm:~0.0.2"
    parseurl: "npm:^1.3.2"
    statuses: "npm:^1.5.0"
    type-is: "npm:^1.6.16"
    vary: "npm:^1.1.2"
  checksum: 10c0/1292a3b415a9b9f3dd6872c1835229630a4ecae38c0c8c0c8c0c8c0c8c0c8c0c8c0c8c0c8c0c8c0c8c0c8c0c8c0c8c0c8c0c8c0c8c0c8c0c8c0c8c0c8c0c8c0c8c0c8c0c8c0c8c0c8c0c8c0c8c0c8c0c8c0c8c0c8c0
  languageName: node
  linkType: hard

viem@npm:^2.7.0:
  version: 2.37.12
  resolution: "viem@npm:2.37.12"
  dependencies:
    "@noble/curves": "npm:1.9.1"
    "@noble/hashes": "npm:1.8.0"
    "@scure/bip32": "npm:1.7.0"
    "@scure/bip39": "npm:1.6.0"
    abitype: "npm:1.1.0"
    isows: "npm:1.0.7"
    ox: "npm:0.9.6"
    ws: "npm:8.18.3"
  checksum: 10c0/443e0127f99ae9558968a4f7ccf671be8be3ee168c0c8c0c8c0c8c0c8c0c8c0c8c0c8c0c8c0c8c0c8c0c8c0c8c0c8c0c8c0c8c0c8c0c8c0c8c0c8c0c8c0c8c0c8c0c8c0c8c0c8c0c8c0c8c0c8c0c8c0c8c0c8c0c8c0
  languageName: node
  linkType: hard

"red-packet-spa-backend@workspace:.":
  version: 0.0.0-use.local
  resolution: "red-packet-spa-backend@workspace:."
  dependencies:
    "@koa/cors": "npm:^4.0.0"
    "@koa/router": "npm:^12.0.1"
    jsonwebtoken: "npm:^9.0.2"
    koa: "npm:^2.14.2"
    koa-bodyparser: "npm:^4.4.1"
    viem: "npm:^2.7.0"
  languageName: unknown
  linkType: soft
